// !$*UTF8*$!
{
	archiveVersion = 1;
	classes = {
	};
	objectVersion = 56;
	objects = {

/* Begin PBXBuildFile section */
		96C7C0FBB9C4CE23C23F088A /* Pods_RickAndMorty.framework in Frameworks */ = {isa = PBXBuildFile; fileRef = 3B3F6177BD726AE22EA5194A /* Pods_RickAndMorty.framework */; };
		AE2AC2062DEEFAA100F7A19C /* AppDelegate.swift in Sources */ = {isa = PBXBuildFile; fileRef = AE2AC2052DEEFAA100F7A19C /* AppDelegate.swift */; };
		AE2AC2082DEEFAA100F7A19C /* SceneDelegate.swift in Sources */ = {isa = PBXBuildFile; fileRef = AE2AC2072DEEFAA100F7A19C /* SceneDelegate.swift */; };
		AE2AC20A2DEEFAA100F7A19C /* ViewController.swift in Sources */ = {isa = PBXBuildFile; fileRef = AE2AC2092DEEFAA100F7A19C /* ViewController.swift */; };
		AE2AC20F2DEEFAA400F7A19C /* Assets.xcassets in Resources */ = {isa = PBXBuildFile; fileRef = AE2AC20E2DEEFAA400F7A19C /* Assets.xcassets */; };
		AE2AC2122DEEFAA400F7A19C /* Base in Resources */ = {isa = PBXBuildFile; fileRef = AE2AC2112DEEFAA400F7A19C /* Base */; };
		AE2AC2242DEF0A8200F7A19C /* TabBarController.swift in Sources */ = {isa = PBXBuildFile; fileRef = AE2AC2232DEF0A8200F7A19C /* TabBarController.swift */; };
		AE2AC2272DEF0BBF00F7A19C /* R.generated.swift in Sources */ = {isa = PBXBuildFile; fileRef = AE2AC2262DEF0BBF00F7A19C /* R.generated.swift */; };
		AE2AC2412DEF0C5F00F7A19C /* Coordinator.swift in Sources */ = {isa = PBXBuildFile; fileRef = AE2AC2402DEF0C5F00F7A19C /* Coordinator.swift */; };
		AE2AC2442DEF0C6F00F7A19C /* MainCoordinator.swift in Sources */ = {isa = PBXBuildFile; fileRef = AE2AC2432DEF0C6F00F7A19C /* MainCoordinator.swift */; };
		AE2AC2462DEF0D9E00F7A19C /* SettingsCoordinator.swift in Sources */ = {isa = PBXBuildFile; fileRef = AE2AC2452DEF0D9E00F7A19C /* SettingsCoordinator.swift */; };
		AE2AC2482DEF0E0900F7A19C /* SettingsViewController.swift in Sources */ = {isa = PBXBuildFile; fileRef = AE2AC2472DEF0E0900F7A19C /* SettingsViewController.swift */; };
		AE2AC24A2DEF0E2900F7A19C /* SettingsView.swift in Sources */ = {isa = PBXBuildFile; fileRef = AE2AC2492DEF0E2900F7A19C /* SettingsView.swift */; };
		AE2AC24C2DEF0E3F00F7A19C /* EpisodesCoordinator.swift in Sources */ = {isa = PBXBuildFile; fileRef = AE2AC24B2DEF0E3F00F7A19C /* EpisodesCoordinator.swift */; };
		AE2AC24E2DEF0E6100F7A19C /* EpisodesView.swift in Sources */ = {isa = PBXBuildFile; fileRef = AE2AC24D2DEF0E6100F7A19C /* EpisodesView.swift */; };
		AE2AC2502DEF0E7000F7A19C /* EpisodesViewController.swift in Sources */ = {isa = PBXBuildFile; fileRef = AE2AC24F2DEF0E7000F7A19C /* EpisodesViewController.swift */; };
		AE2AC2522DEF0E8D00F7A19C /* LocationsCoordinator.swift in Sources */ = {isa = PBXBuildFile; fileRef = AE2AC2512DEF0E8D00F7A19C /* LocationsCoordinator.swift */; };
		AE2AC2542DEF0EA200F7A19C /* LocationsView.swift in Sources */ = {isa = PBXBuildFile; fileRef = AE2AC2532DEF0EA200F7A19C /* LocationsView.swift */; };
		AE2AC2562DEF0EB100F7A19C /* LocationsViewController.swift in Sources */ = {isa = PBXBuildFile; fileRef = AE2AC2552DEF0EB100F7A19C /* LocationsViewController.swift */; };
		AE2AC2582DEF0ECC00F7A19C /* CharactersCoordinator.swift in Sources */ = {isa = PBXBuildFile; fileRef = AE2AC2572DEF0ECC00F7A19C /* CharactersCoordinator.swift */; };
		AE2AC25A2DEF0EE000F7A19C /* CharactersView.swift in Sources */ = {isa = PBXBuildFile; fileRef = AE2AC2592DEF0EE000F7A19C /* CharactersView.swift */; };
		AE2AC25C2DEF0EF000F7A19C /* CharactersViewController.swift in Sources */ = {isa = PBXBuildFile; fileRef = AE2AC25B2DEF0EF000F7A19C /* CharactersViewController.swift */; };
		AE2AC25E2DEF100F00F7A19C /* TabBarCoordinator.swift in Sources */ = {isa = PBXBuildFile; fileRef = AE2AC25D2DEF100F00F7A19C /* TabBarCoordinator.swift */; };
		AE2AC2602DEF119000F7A19C /* Extension + UIView.swift in Sources */ = {isa = PBXBuildFile; fileRef = AE2AC25F2DEF119000F7A19C /* Extension + UIView.swift */; };
		AE2AC2622DEF1D2A00F7A19C /* UserDefaults.swift in Sources */ = {isa = PBXBuildFile; fileRef = AE2AC2612DEF1D2A00F7A19C /* UserDefaults.swift */; };
		AE2AC2652DEF1D5D00F7A19C /* NetworkServices.swift in Sources */ = {isa = PBXBuildFile; fileRef = AE2AC2642DEF1D5D00F7A19C /* NetworkServices.swift */; };
		AE2AC2672DEF1D7100F7A19C /* BaseRouter.swift in Sources */ = {isa = PBXBuildFile; fileRef = AE2AC2662DEF1D7100F7A19C /* BaseRouter.swift */; };
		AE2AC26A2DEF1D8F00F7A19C /* ProResult.swift in Sources */ = {isa = PBXBuildFile; fileRef = AE2AC2692DEF1D8F00F7A19C /* ProResult.swift */; };
		AE2AC26C2DEF1DBA00F7A19C /* StatusCode.swift in Sources */ = {isa = PBXBuildFile; fileRef = AE2AC26B2DEF1DBA00F7A19C /* StatusCode.swift */; };
		AE2AC26E2DEF1DCB00F7A19C /* NetworkErrors.swift in Sources */ = {isa = PBXBuildFile; fileRef = AE2AC26D2DEF1DCB00F7A19C /* NetworkErrors.swift */; };
		AE2AC2702DEF1DDB00F7A19C /* HttpHeader.swift in Sources */ = {isa = PBXBuildFile; fileRef = AE2AC26F2DEF1DDB00F7A19C /* HttpHeader.swift */; };
		AE2AC2722DEF1DFF00F7A19C /* HttpMethod.swift in Sources */ = {isa = PBXBuildFile; fileRef = AE2AC2712DEF1DFF00F7A19C /* HttpMethod.swift */; };
		AE2AC2752DEF1E2600F7A19C /* FailureModel.swift in Sources */ = {isa = PBXBuildFile; fileRef = AE2AC2742DEF1E2600F7A19C /* FailureModel.swift */; };
		AE2AC2772DEF222D00F7A19C /* CollectionViewCell.swift in Sources */ = {isa = PBXBuildFile; fileRef = AE2AC2762DEF222D00F7A19C /* CollectionViewCell.swift */; };
		AE2AC2792DEF227700F7A19C /* Extension + CollectionView.swift in Sources */ = {isa = PBXBuildFile; fileRef = AE2AC2782DEF227700F7A19C /* Extension + CollectionView.swift */; };
/* End PBXBuildFile section */

/* Begin PBXFileReference section */
		3B3F6177BD726AE22EA5194A /* Pods_RickAndMorty.framework */ = {isa = PBXFileReference; explicitFileType = wrapper.framework; includeInIndex = 0; path = Pods_RickAndMorty.framework; sourceTree = BUILT_PRODUCTS_DIR; };
		3EB2FFEF989A2C9AD0B2E7EC /* Pods-RickAndMorty.debug.xcconfig */ = {isa = PBXFileReference; includeInIndex = 1; lastKnownFileType = text.xcconfig; name = "Pods-RickAndMorty.debug.xcconfig"; path = "Target Support Files/Pods-RickAndMorty/Pods-RickAndMorty.debug.xcconfig"; sourceTree = "<group>"; };
		AE2AC2022DEEFAA100F7A19C /* RickAndMorty.app */ = {isa = PBXFileReference; explicitFileType = wrapper.application; includeInIndex = 0; path = RickAndMorty.app; sourceTree = BUILT_PRODUCTS_DIR; };
		AE2AC2052DEEFAA100F7A19C /* AppDelegate.swift */ = {isa = PBXFileReference; lastKnownFileType = sourcecode.swift; path = AppDelegate.swift; sourceTree = "<group>"; };
		AE2AC2072DEEFAA100F7A19C /* SceneDelegate.swift */ = {isa = PBXFileReference; lastKnownFileType = sourcecode.swift; path = SceneDelegate.swift; sourceTree = "<group>"; };
		AE2AC2092DEEFAA100F7A19C /* ViewController.swift */ = {isa = PBXFileReference; lastKnownFileType = sourcecode.swift; path = ViewController.swift; sourceTree = "<group>"; };
		AE2AC20E2DEEFAA400F7A19C /* Assets.xcassets */ = {isa = PBXFileReference; lastKnownFileType = folder.assetcatalog; path = Assets.xcassets; sourceTree = "<group>"; };
		AE2AC2112DEEFAA400F7A19C /* Base */ = {isa = PBXFileReference; lastKnownFileType = file.storyboard; name = Base; path = Base.lproj/LaunchScreen.storyboard; sourceTree = "<group>"; };
		AE2AC2132DEEFAA400F7A19C /* Info.plist */ = {isa = PBXFileReference; lastKnownFileType = text.plist.xml; path = Info.plist; sourceTree = "<group>"; };
		AE2AC2232DEF0A8200F7A19C /* TabBarController.swift */ = {isa = PBXFileReference; lastKnownFileType = sourcecode.swift; path = TabBarController.swift; sourceTree = "<group>"; };
		AE2AC2262DEF0BBF00F7A19C /* R.generated.swift */ = {isa = PBXFileReference; fileEncoding = 4; lastKnownFileType = sourcecode.swift; path = R.generated.swift; sourceTree = "<group>"; };
		AE2AC2402DEF0C5F00F7A19C /* Coordinator.swift */ = {isa = PBXFileReference; lastKnownFileType = sourcecode.swift; path = Coordinator.swift; sourceTree = "<group>"; };
		AE2AC2432DEF0C6F00F7A19C /* MainCoordinator.swift */ = {isa = PBXFileReference; lastKnownFileType = sourcecode.swift; path = MainCoordinator.swift; sourceTree = "<group>"; };
		AE2AC2452DEF0D9E00F7A19C /* SettingsCoordinator.swift */ = {isa = PBXFileReference; lastKnownFileType = sourcecode.swift; path = SettingsCoordinator.swift; sourceTree = "<group>"; };
		AE2AC2472DEF0E0900F7A19C /* SettingsViewController.swift */ = {isa = PBXFileReference; lastKnownFileType = sourcecode.swift; path = SettingsViewController.swift; sourceTree = "<group>"; };
		AE2AC2492DEF0E2900F7A19C /* SettingsView.swift */ = {isa = PBXFileReference; lastKnownFileType = sourcecode.swift; path = SettingsView.swift; sourceTree = "<group>"; };
		AE2AC24B2DEF0E3F00F7A19C /* EpisodesCoordinator.swift */ = {isa = PBXFileReference; lastKnownFileType = sourcecode.swift; path = EpisodesCoordinator.swift; sourceTree = "<group>"; };
		AE2AC24D2DEF0E6100F7A19C /* EpisodesView.swift */ = {isa = PBXFileReference; lastKnownFileType = sourcecode.swift; path = EpisodesView.swift; sourceTree = "<group>"; };
		AE2AC24F2DEF0E7000F7A19C /* EpisodesViewController.swift */ = {isa = PBXFileReference; lastKnownFileType = sourcecode.swift; path = EpisodesViewController.swift; sourceTree = "<group>"; };
		AE2AC2512DEF0E8D00F7A19C /* LocationsCoordinator.swift */ = {isa = PBXFileReference; lastKnownFileType = sourcecode.swift; path = LocationsCoordinator.swift; sourceTree = "<group>"; };
		AE2AC2532DEF0EA200F7A19C /* LocationsView.swift */ = {isa = PBXFileReference; lastKnownFileType = sourcecode.swift; path = LocationsView.swift; sourceTree = "<group>"; };
		AE2AC2552DEF0EB100F7A19C /* LocationsViewController.swift */ = {isa = PBXFileReference; lastKnownFileType = sourcecode.swift; path = LocationsViewController.swift; sourceTree = "<group>"; };
		AE2AC2572DEF0ECC00F7A19C /* CharactersCoordinator.swift */ = {isa = PBXFileReference; lastKnownFileType = sourcecode.swift; path = CharactersCoordinator.swift; sourceTree = "<group>"; };
		AE2AC2592DEF0EE000F7A19C /* CharactersView.swift */ = {isa = PBXFileReference; lastKnownFileType = sourcecode.swift; path = CharactersView.swift; sourceTree = "<group>"; };
		AE2AC25B2DEF0EF000F7A19C /* CharactersViewController.swift */ = {isa = PBXFileReference; lastKnownFileType = sourcecode.swift; path = CharactersViewController.swift; sourceTree = "<group>"; };
		AE2AC25D2DEF100F00F7A19C /* TabBarCoordinator.swift */ = {isa = PBXFileReference; lastKnownFileType = sourcecode.swift; path = TabBarCoordinator.swift; sourceTree = "<group>"; };
		AE2AC25F2DEF119000F7A19C /* Extension + UIView.swift */ = {isa = PBXFileReference; lastKnownFileType = sourcecode.swift; path = "Extension + UIView.swift"; sourceTree = "<group>"; };
		AE2AC2612DEF1D2A00F7A19C /* UserDefaults.swift */ = {isa = PBXFileReference; lastKnownFileType = sourcecode.swift; path = UserDefaults.swift; sourceTree = "<group>"; };
		AE2AC2642DEF1D5D00F7A19C /* NetworkServices.swift */ = {isa = PBXFileReference; lastKnownFileType = sourcecode.swift; path = NetworkServices.swift; sourceTree = "<group>"; };
		AE2AC2662DEF1D7100F7A19C /* BaseRouter.swift */ = {isa = PBXFileReference; lastKnownFileType = sourcecode.swift; path = BaseRouter.swift; sourceTree = "<group>"; };
		AE2AC2692DEF1D8F00F7A19C /* ProResult.swift */ = {isa = PBXFileReference; lastKnownFileType = sourcecode.swift; path = ProResult.swift; sourceTree = "<group>"; };
		AE2AC26B2DEF1DBA00F7A19C /* StatusCode.swift */ = {isa = PBXFileReference; lastKnownFileType = sourcecode.swift; path = StatusCode.swift; sourceTree = "<group>"; };
		AE2AC26D2DEF1DCB00F7A19C /* NetworkErrors.swift */ = {isa = PBXFileReference; lastKnownFileType = sourcecode.swift; path = NetworkErrors.swift; sourceTree = "<group>"; };
		AE2AC26F2DEF1DDB00F7A19C /* HttpHeader.swift */ = {isa = PBXFileReference; lastKnownFileType = sourcecode.swift; path = HttpHeader.swift; sourceTree = "<group>"; };
		AE2AC2712DEF1DFF00F7A19C /* HttpMethod.swift */ = {isa = PBXFileReference; lastKnownFileType = sourcecode.swift; path = HttpMethod.swift; sourceTree = "<group>"; };
		AE2AC2742DEF1E2600F7A19C /* FailureModel.swift */ = {isa = PBXFileReference; lastKnownFileType = sourcecode.swift; path = FailureModel.swift; sourceTree = "<group>"; };
		AE2AC2762DEF222D00F7A19C /* CollectionViewCell.swift */ = {isa = PBXFileReference; lastKnownFileType = sourcecode.swift; path = CollectionViewCell.swift; sourceTree = "<group>"; };
		AE2AC2782DEF227700F7A19C /* Extension + CollectionView.swift */ = {isa = PBXFileReference; lastKnownFileType = sourcecode.swift; path = "Extension + CollectionView.swift"; sourceTree = "<group>"; };
		E108F6D3D6F254C7172514EE /* Pods-RickAndMorty.release.xcconfig */ = {isa = PBXFileReference; includeInIndex = 1; lastKnownFileType = text.xcconfig; name = "Pods-RickAndMorty.release.xcconfig"; path = "Target Support Files/Pods-RickAndMorty/Pods-RickAndMorty.release.xcconfig"; sourceTree = "<group>"; };
/* End PBXFileReference section */

/* Begin PBXFrameworksBuildPhase section */
		AE2AC1FF2DEEFAA100F7A19C /* Frameworks */ = {
			isa = PBXFrameworksBuildPhase;
			buildActionMask = 2147483647;
			files = (
				96C7C0FBB9C4CE23C23F088A /* Pods_RickAndMorty.framework in Frameworks */,
			);
			runOnlyForDeploymentPostprocessing = 0;
		};
/* End PBXFrameworksBuildPhase section */

/* Begin PBXGroup section */
		AA14F42D2F551ADD587ADA6A /* Frameworks */ = {
			isa = PBXGroup;
			children = (
				3B3F6177BD726AE22EA5194A /* Pods_RickAndMorty.framework */,
			);
			name = Frameworks;
			sourceTree = "<group>";
		};
		AE2AC1F92DEEFAA100F7A19C = {
			isa = PBXGroup;
			children = (
				AE2AC2262DEF0BBF00F7A19C /* R.generated.swift */,
				AE2AC2042DEEFAA100F7A19C /* RickAndMorty */,
				AE2AC2032DEEFAA100F7A19C /* Products */,
				AEAA3A6A1ED9CF68C7B18A7D /* Pods */,
				AA14F42D2F551ADD587ADA6A /* Frameworks */,
			);
			sourceTree = "<group>";
		};
		AE2AC2032DEEFAA100F7A19C /* Products */ = {
			isa = PBXGroup;
			children = (
				AE2AC2022DEEFAA100F7A19C /* RickAndMorty.app */,
			);
			name = Products;
			sourceTree = "<group>";
		};
		AE2AC2042DEEFAA100F7A19C /* RickAndMorty */ = {
			isa = PBXGroup;
			children = (
				AE2AC2052DEEFAA100F7A19C /* AppDelegate.swift */,
				AE2AC2072DEEFAA100F7A19C /* SceneDelegate.swift */,
				AE2AC2092DEEFAA100F7A19C /* ViewController.swift */,
				AE2AC21A2DEEFACA00F7A19C /* Components */,
				AE2AC20E2DEEFAA400F7A19C /* Assets.xcassets */,
				AE2AC2102DEEFAA400F7A19C /* LaunchScreen.storyboard */,
				AE2AC2132DEEFAA400F7A19C /* Info.plist */,
			);
			path = RickAndMorty;
			sourceTree = "<group>";
		};
		AE2AC21A2DEEFACA00F7A19C /* Components */ = {
			isa = PBXGroup;
			children = (
				AE2AC2222DEF0A7400F7A19C /* Coordinator */,
				AE2AC2202DEEFF9E00F7A19C /* Service */,
				AE2AC21F2DEEFF9A00F7A19C /* Reusable */,
				AE2AC21E2DEEFF9600F7A19C /* Extensions */,
				AE2AC21D2DEEFF9100F7A19C /* TabBar */,
				AE2AC21B2DEEFACE00F7A19C /* Main */,
			);
			path = Components;
			sourceTree = "<group>";
		};
		AE2AC21B2DEEFACE00F7A19C /* Main */ = {
			isa = PBXGroup;
			children = (
				AE2AC22B2DEF0BF000F7A19C /* Settings */,
				AE2AC22A2DEF0BEA00F7A19C /* Episodes */,
				AE2AC2292DEF0BE600F7A19C /* Locations */,
				AE2AC2282DEF0BD000F7A19C /* Characters */,
			);
			path = Main;
			sourceTree = "<group>";
		};
		AE2AC21D2DEEFF9100F7A19C /* TabBar */ = {
			isa = PBXGroup;
			children = (
				AE2AC2232DEF0A8200F7A19C /* TabBarController.swift */,
			);
			path = TabBar;
			sourceTree = "<group>";
		};
		AE2AC21E2DEEFF9600F7A19C /* Extensions */ = {
			isa = PBXGroup;
			children = (
				AE2AC25F2DEF119000F7A19C /* Extension + UIView.swift */,
				AE2AC2782DEF227700F7A19C /* Extension + CollectionView.swift */,
			);
			path = Extensions;
			sourceTree = "<group>";
		};
		AE2AC21F2DEEFF9A00F7A19C /* Reusable */ = {
			isa = PBXGroup;
			children = (
			);
			path = Reusable;
			sourceTree = "<group>";
		};
		AE2AC2202DEEFF9E00F7A19C /* Service */ = {
			isa = PBXGroup;
			children = (
				AE2AC2612DEF1D2A00F7A19C /* UserDefaults.swift */,
				AE2AC2632DEF1D3B00F7A19C /* NetworkServices */,
			);
			path = Service;
			sourceTree = "<group>";
		};
		AE2AC2222DEF0A7400F7A19C /* Coordinator */ = {
			isa = PBXGroup;
			children = (
				AE2AC2402DEF0C5F00F7A19C /* Coordinator.swift */,
				AE2AC2432DEF0C6F00F7A19C /* MainCoordinator.swift */,
				AE2AC25D2DEF100F00F7A19C /* TabBarCoordinator.swift */,
			);
			path = Coordinator;
			sourceTree = "<group>";
		};
		AE2AC2282DEF0BD000F7A19C /* Characters */ = {
			isa = PBXGroup;
			children = (
				AE2AC22E2DEF0C0100F7A19C /* ViewModel */,
				AE2AC22D2DEF0BFF00F7A19C /* View */,
				AE2AC22C2DEF0BF600F7A19C /* Model */,
				AE2AC2572DEF0ECC00F7A19C /* CharactersCoordinator.swift */,
			);
			path = Characters;
			sourceTree = "<group>";
		};
		AE2AC2292DEF0BE600F7A19C /* Locations */ = {
			isa = PBXGroup;
			children = (
				AE2AC2332DEF0C1900F7A19C /* ViewModel */,
				AE2AC2322DEF0C1700F7A19C /* View */,
				AE2AC2312DEF0C1300F7A19C /* Model */,
				AE2AC2512DEF0E8D00F7A19C /* LocationsCoordinator.swift */,
			);
			path = Locations;
			sourceTree = "<group>";
		};
		AE2AC22A2DEF0BEA00F7A19C /* Episodes */ = {
			isa = PBXGroup;
			children = (
				AE2AC2382DEF0C3900F7A19C /* ViewModel */,
				AE2AC2372DEF0C3600F7A19C /* View */,
				AE2AC2362DEF0C3300F7A19C /* Model */,
				AE2AC24B2DEF0E3F00F7A19C /* EpisodesCoordinator.swift */,
			);
			path = Episodes;
			sourceTree = "<group>";
		};
		AE2AC22B2DEF0BF000F7A19C /* Settings */ = {
			isa = PBXGroup;
			children = (
				AE2AC23D2DEF0C4B00F7A19C /* ViewModel */,
				AE2AC23C2DEF0C4800F7A19C /* View */,
				AE2AC23B2DEF0C4600F7A19C /* Model */,
				AE2AC2452DEF0D9E00F7A19C /* SettingsCoordinator.swift */,
			);
			path = Settings;
			sourceTree = "<group>";
		};
		AE2AC22C2DEF0BF600F7A19C /* Model */ = {
			isa = PBXGroup;
			children = (
			);
			path = Model;
			sourceTree = "<group>";
		};
		AE2AC22D2DEF0BFF00F7A19C /* View */ = {
			isa = PBXGroup;
			children = (
				AE2AC2302DEF0C0C00F7A19C /* Cell */,
				AE2AC22F2DEF0C0600F7A19C /* Controller */,
				AE2AC2592DEF0EE000F7A19C /* CharactersView.swift */,
			);
			path = View;
			sourceTree = "<group>";
		};
		AE2AC22E2DEF0C0100F7A19C /* ViewModel */ = {
			isa = PBXGroup;
			children = (
			);
			path = ViewModel;
			sourceTree = "<group>";
		};
		AE2AC22F2DEF0C0600F7A19C /* Controller */ = {
			isa = PBXGroup;
			children = (
				AE2AC25B2DEF0EF000F7A19C /* CharactersViewController.swift */,
			);
			path = Controller;
			sourceTree = "<group>";
		};
		AE2AC2302DEF0C0C00F7A19C /* Cell */ = {
			isa = PBXGroup;
			children = (
				AE2AC2762DEF222D00F7A19C /* CollectionViewCell.swift */,
			);
			path = Cell;
			sourceTree = "<group>";
		};
		AE2AC2312DEF0C1300F7A19C /* Model */ = {
			isa = PBXGroup;
			children = (
			);
			path = Model;
			sourceTree = "<group>";
		};
		AE2AC2322DEF0C1700F7A19C /* View */ = {
			isa = PBXGroup;
			children = (
				AE2AC2352DEF0C2400F7A19C /* Cell */,
				AE2AC2342DEF0C1D00F7A19C /* Controller */,
				AE2AC2532DEF0EA200F7A19C /* LocationsView.swift */,
			);
			path = View;
			sourceTree = "<group>";
		};
		AE2AC2332DEF0C1900F7A19C /* ViewModel */ = {
			isa = PBXGroup;
			children = (
			);
			path = ViewModel;
			sourceTree = "<group>";
		};
		AE2AC2342DEF0C1D00F7A19C /* Controller */ = {
			isa = PBXGroup;
			children = (
				AE2AC2552DEF0EB100F7A19C /* LocationsViewController.swift */,
			);
			path = Controller;
			sourceTree = "<group>";
		};
		AE2AC2352DEF0C2400F7A19C /* Cell */ = {
			isa = PBXGroup;
			children = (
			);
			path = Cell;
			sourceTree = "<group>";
		};
		AE2AC2362DEF0C3300F7A19C /* Model */ = {
			isa = PBXGroup;
			children = (
			);
			path = Model;
			sourceTree = "<group>";
		};
		AE2AC2372DEF0C3600F7A19C /* View */ = {
			isa = PBXGroup;
			children = (
				AE2AC23A2DEF0C4200F7A19C /* Cell */,
				AE2AC2392DEF0C3F00F7A19C /* Controller */,
				AE2AC24D2DEF0E6100F7A19C /* EpisodesView.swift */,
			);
			path = View;
			sourceTree = "<group>";
		};
		AE2AC2382DEF0C3900F7A19C /* ViewModel */ = {
			isa = PBXGroup;
			children = (
			);
			path = ViewModel;
			sourceTree = "<group>";
		};
		AE2AC2392DEF0C3F00F7A19C /* Controller */ = {
			isa = PBXGroup;
			children = (
				AE2AC24F2DEF0E7000F7A19C /* EpisodesViewController.swift */,
			);
			path = Controller;
			sourceTree = "<group>";
		};
		AE2AC23A2DEF0C4200F7A19C /* Cell */ = {
			isa = PBXGroup;
			children = (
			);
			path = Cell;
			sourceTree = "<group>";
		};
		AE2AC23B2DEF0C4600F7A19C /* Model */ = {
			isa = PBXGroup;
			children = (
			);
			path = Model;
			sourceTree = "<group>";
		};
		AE2AC23C2DEF0C4800F7A19C /* View */ = {
			isa = PBXGroup;
			children = (
				AE2AC23F2DEF0C5300F7A19C /* Cell */,
				AE2AC23E2DEF0C5000F7A19C /* Controller */,
				AE2AC2492DEF0E2900F7A19C /* SettingsView.swift */,
			);
			path = View;
			sourceTree = "<group>";
		};
		AE2AC23D2DEF0C4B00F7A19C /* ViewModel */ = {
			isa = PBXGroup;
			children = (
			);
			path = ViewModel;
			sourceTree = "<group>";
		};
		AE2AC23E2DEF0C5000F7A19C /* Controller */ = {
			isa = PBXGroup;
			children = (
				AE2AC2472DEF0E0900F7A19C /* SettingsViewController.swift */,
			);
			path = Controller;
			sourceTree = "<group>";
		};
		AE2AC23F2DEF0C5300F7A19C /* Cell */ = {
			isa = PBXGroup;
			children = (
			);
			path = Cell;
			sourceTree = "<group>";
		};
		AE2AC2632DEF1D3B00F7A19C /* NetworkServices */ = {
			isa = PBXGroup;
			children = (
				AE2AC2642DEF1D5D00F7A19C /* NetworkServices.swift */,
				AE2AC2662DEF1D7100F7A19C /* BaseRouter.swift */,
				AE2AC2682DEF1D7D00F7A19C /* NetworkComponents */,
			);
			path = NetworkServices;
			sourceTree = "<group>";
		};
		AE2AC2682DEF1D7D00F7A19C /* NetworkComponents */ = {
			isa = PBXGroup;
			children = (
				AE2AC2732DEF1E1700F7A19C /* FailureModel */,
				AE2AC2692DEF1D8F00F7A19C /* ProResult.swift */,
				AE2AC26B2DEF1DBA00F7A19C /* StatusCode.swift */,
				AE2AC26D2DEF1DCB00F7A19C /* NetworkErrors.swift */,
				AE2AC26F2DEF1DDB00F7A19C /* HttpHeader.swift */,
				AE2AC2712DEF1DFF00F7A19C /* HttpMethod.swift */,
			);
			path = NetworkComponents;
			sourceTree = "<group>";
		};
		AE2AC2732DEF1E1700F7A19C /* FailureModel */ = {
			isa = PBXGroup;
			children = (
				AE2AC2742DEF1E2600F7A19C /* FailureModel.swift */,
			);
			path = FailureModel;
			sourceTree = "<group>";
		};
		AEAA3A6A1ED9CF68C7B18A7D /* Pods */ = {
			isa = PBXGroup;
			children = (
				3EB2FFEF989A2C9AD0B2E7EC /* Pods-RickAndMorty.debug.xcconfig */,
				E108F6D3D6F254C7172514EE /* Pods-RickAndMorty.release.xcconfig */,
			);
			path = Pods;
			sourceTree = "<group>";
		};
/* End PBXGroup section */

/* Begin PBXNativeTarget section */
		AE2AC2012DEEFAA100F7A19C /* RickAndMorty */ = {
			isa = PBXNativeTarget;
			buildConfigurationList = AE2AC2162DEEFAA400F7A19C /* Build configuration list for PBXNativeTarget "RickAndMorty" */;
			buildPhases = (
				1E974E7FD36D8DAB082F6A71 /* [CP] Check Pods Manifest.lock */,
				AE2AC2252DEF0B2B00F7A19C /* R.swift */,
				AE2AC1FE2DEEFAA100F7A19C /* Sources */,
				AE2AC1FF2DEEFAA100F7A19C /* Frameworks */,
				AE2AC2002DEEFAA100F7A19C /* Resources */,
				24ADAF2F939967EEA2A7CDE3 /* [CP] Embed Pods Frameworks */,
			);
			buildRules = (
			);
			dependencies = (
			);
			name = RickAndMorty;
			productName = RickAndMorty;
			productReference = AE2AC2022DEEFAA100F7A19C /* RickAndMorty.app */;
			productType = "com.apple.product-type.application";
		};
/* End PBXNativeTarget section */

/* Begin PBXProject section */
		AE2AC1FA2DEEFAA100F7A19C /* Project object */ = {
			isa = PBXProject;
			attributes = {
				BuildIndependentTargetsInParallel = 1;
				LastSwiftUpdateCheck = 1540;
				LastUpgradeCheck = 1540;
				TargetAttributes = {
					AE2AC2012DEEFAA100F7A19C = {
						CreatedOnToolsVersion = 15.4;
					};
				};
			};
			buildConfigurationList = AE2AC1FD2DEEFAA100F7A19C /* Build configuration list for PBXProject "RickAndMorty" */;
			compatibilityVersion = "Xcode 14.0";
			developmentRegion = en;
			hasScannedForEncodings = 0;
			knownRegions = (
				en,
				Base,
			);
			mainGroup = AE2AC1F92DEEFAA100F7A19C;
			productRefGroup = AE2AC2032DEEFAA100F7A19C /* Products */;
			projectDirPath = "";
			projectRoot = "";
			targets = (
				AE2AC2012DEEFAA100F7A19C /* RickAndMorty */,
			);
		};
/* End PBXProject section */

/* Begin PBXResourcesBuildPhase section */
		AE2AC2002DEEFAA100F7A19C /* Resources */ = {
			isa = PBXResourcesBuildPhase;
			buildActionMask = 2147483647;
			files = (
				AE2AC20F2DEEFAA400F7A19C /* Assets.xcassets in Resources */,
				AE2AC2122DEEFAA400F7A19C /* Base in Resources */,
			);
			runOnlyForDeploymentPostprocessing = 0;
		};
/* End PBXResourcesBuildPhase section */

/* Begin PBXShellScriptBuildPhase section */
		1E974E7FD36D8DAB082F6A71 /* [CP] Check Pods Manifest.lock */ = {
			isa = PBXShellScriptBuildPhase;
			buildActionMask = 2147483647;
			files = (
			);
			inputFileListPaths = (
			);
			inputPaths = (
				"${PODS_PODFILE_DIR_PATH}/Podfile.lock",
				"${PODS_ROOT}/Manifest.lock",
			);
			name = "[CP] Check Pods Manifest.lock";
			outputFileListPaths = (
			);
			outputPaths = (
				"$(DERIVED_FILE_DIR)/Pods-RickAndMorty-checkManifestLockResult.txt",
			);
			runOnlyForDeploymentPostprocessing = 0;
			shellPath = /bin/sh;
			shellScript = "diff \"${PODS_PODFILE_DIR_PATH}/Podfile.lock\" \"${PODS_ROOT}/Manifest.lock\" > /dev/null\nif [ $? != 0 ] ; then\n    # print error to STDERR\n    echo \"error: The sandbox is not in sync with the Podfile.lock. Run 'pod install' or update your CocoaPods installation.\" >&2\n    exit 1\nfi\n# This output is used by Xcode 'outputs' to avoid re-running this script phase.\necho \"SUCCESS\" > \"${SCRIPT_OUTPUT_FILE_0}\"\n";
			showEnvVarsInLog = 0;
		};
		24ADAF2F939967EEA2A7CDE3 /* [CP] Embed Pods Frameworks */ = {
			isa = PBXShellScriptBuildPhase;
			buildActionMask = 2147483647;
			files = (
			);
			inputFileListPaths = (
				"${PODS_ROOT}/Target Support Files/Pods-RickAndMorty/Pods-RickAndMorty-frameworks-${CONFIGURATION}-input-files.xcfilelist",
			);
			name = "[CP] Embed Pods Frameworks";
			outputFileListPaths = (
				"${PODS_ROOT}/Target Support Files/Pods-RickAndMorty/Pods-RickAndMorty-frameworks-${CONFIGURATION}-output-files.xcfilelist",
			);
			runOnlyForDeploymentPostprocessing = 0;
			shellPath = /bin/sh;
			shellScript = "\"${PODS_ROOT}/Target Support Files/Pods-RickAndMorty/Pods-RickAndMorty-frameworks.sh\"\n";
			showEnvVarsInLog = 0;
		};
		AE2AC2252DEF0B2B00F7A19C /* R.swift */ = {
			isa = PBXShellScriptBuildPhase;
			alwaysOutOfDate = 1;
			buildActionMask = 2147483647;
			files = (
			);
			inputFileListPaths = (
			);
			inputPaths = (
			);
			name = R.swift;
			outputFileListPaths = (
			);
			outputPaths = (
				$SRCROOT/R.generated.swift,
			);
			runOnlyForDeploymentPostprocessing = 0;
			shellPath = /bin/sh;
			shellScript = "# Type a script or drag a script file from your workspace to insert its path.\n\"$PODS_ROOT/R.swift/rswift\" generate \"$SRCROOT/R.generated.swift\"\n";
		};
/* End PBXShellScriptBuildPhase section */

/* Begin PBXSourcesBuildPhase section */
		AE2AC1FE2DEEFAA100F7A19C /* Sources */ = {
			isa = PBXSourcesBuildPhase;
			buildActionMask = 2147483647;
			files = (
				AE2AC26C2DEF1DBA00F7A19C /* StatusCode.swift in Sources */,
				AE2AC24E2DEF0E6100F7A19C /* EpisodesView.swift in Sources */,
				AE2AC20A2DEEFAA100F7A19C /* ViewController.swift in Sources */,
				AE2AC2462DEF0D9E00F7A19C /* SettingsCoordinator.swift in Sources */,
				AE2AC2562DEF0EB100F7A19C /* LocationsViewController.swift in Sources */,
				AE2AC2442DEF0C6F00F7A19C /* MainCoordinator.swift in Sources */,
				AE2AC2242DEF0A8200F7A19C /* TabBarController.swift in Sources */,
				AE2AC2582DEF0ECC00F7A19C /* CharactersCoordinator.swift in Sources */,
				AE2AC2672DEF1D7100F7A19C /* BaseRouter.swift in Sources */,
				AE2AC2412DEF0C5F00F7A19C /* Coordinator.swift in Sources */,
				AE2AC24A2DEF0E2900F7A19C /* SettingsView.swift in Sources */,
				AE2AC2272DEF0BBF00F7A19C /* R.generated.swift in Sources */,
				AE2AC24C2DEF0E3F00F7A19C /* EpisodesCoordinator.swift in Sources */,
				AE2AC2062DEEFAA100F7A19C /* AppDelegate.swift in Sources */,
				AE2AC2772DEF222D00F7A19C /* CollectionViewCell.swift in Sources */,
				AE2AC2082DEEFAA100F7A19C /* SceneDelegate.swift in Sources */,
				AE2AC2722DEF1DFF00F7A19C /* HttpMethod.swift in Sources */,
				AE2AC2522DEF0E8D00F7A19C /* LocationsCoordinator.swift in Sources */,
				AE2AC2622DEF1D2A00F7A19C /* UserDefaults.swift in Sources */,
				AE2AC26E2DEF1DCB00F7A19C /* NetworkErrors.swift in Sources */,
				AE2AC2792DEF227700F7A19C /* Extension + CollectionView.swift in Sources */,
				AE2AC25C2DEF0EF000F7A19C /* CharactersViewController.swift in Sources */,
				AE2AC25A2DEF0EE000F7A19C /* CharactersView.swift in Sources */,
				AE2AC2702DEF1DDB00F7A19C /* HttpHeader.swift in Sources */,
				AE2AC2542DEF0EA200F7A19C /* LocationsView.swift in Sources */,
				AE2AC2502DEF0E7000F7A19C /* EpisodesViewController.swift in Sources */,
				AE2AC2752DEF1E2600F7A19C /* FailureModel.swift in Sources */,
				AE2AC25E2DEF100F00F7A19C /* TabBarCoordinator.swift in Sources */,
				AE2AC26A2DEF1D8F00F7A19C /* ProResult.swift in Sources */,
				AE2AC2482DEF0E0900F7A19C /* SettingsViewController.swift in Sources */,
				AE2AC2602DEF119000F7A19C /* Extension + UIView.swift in Sources */,
				AE2AC2652DEF1D5D00F7A19C /* NetworkServices.swift in Sources */,
			);
			runOnlyForDeploymentPostprocessing = 0;
		};
/* End PBXSourcesBuildPhase section */

/* Begin PBXVariantGroup section */
		AE2AC2102DEEFAA400F7A19C /* LaunchScreen.storyboard */ = {
			isa = PBXVariantGroup;
			children = (
				AE2AC2112DEEFAA400F7A19C /* Base */,
			);
			name = LaunchScreen.storyboard;
			sourceTree = "<group>";
		};
/* End PBXVariantGroup section */

/* Begin XCBuildConfiguration section */
		AE2AC2142DEEFAA400F7A19C /* Debug */ = {
			isa = XCBuildConfiguration;
			buildSettings = {
				ALWAYS_SEARCH_USER_PATHS = NO;
				ASSETCATALOG_COMPILER_GENERATE_SWIFT_ASSET_SYMBOL_EXTENSIONS = YES;
				CLANG_ANALYZER_NONNULL = YES;
				CLANG_ANALYZER_NUMBER_OBJECT_CONVERSION = YES_AGGRESSIVE;
				CLANG_CXX_LANGUAGE_STANDARD = "gnu++20";
				CLANG_ENABLE_MODULES = YES;
				CLANG_ENABLE_OBJC_ARC = YES;
				CLANG_ENABLE_OBJC_WEAK = YES;
				CLANG_WARN_BLOCK_CAPTURE_AUTORELEASING = YES;
				CLANG_WARN_BOOL_CONVERSION = YES;
				CLANG_WARN_COMMA = YES;
				CLANG_WARN_CONSTANT_CONVERSION = YES;
				CLANG_WARN_DEPRECATED_OBJC_IMPLEMENTATIONS = YES;
				CLANG_WARN_DIRECT_OBJC_ISA_USAGE = YES_ERROR;
				CLANG_WARN_DOCUMENTATION_COMMENTS = YES;
				CLANG_WARN_EMPTY_BODY = YES;
				CLANG_WARN_ENUM_CONVERSION = YES;
				CLANG_WARN_INFINITE_RECURSION = YES;
				CLANG_WARN_INT_CONVERSION = YES;
				CLANG_WARN_NON_LITERAL_NULL_CONVERSION = YES;
				CLANG_WARN_OBJC_IMPLICIT_RETAIN_SELF = YES;
				CLANG_WARN_OBJC_LITERAL_CONVERSION = YES;
				CLANG_WARN_OBJC_ROOT_CLASS = YES_ERROR;
				CLANG_WARN_QUOTED_INCLUDE_IN_FRAMEWORK_HEADER = YES;
				CLANG_WARN_RANGE_LOOP_ANALYSIS = YES;
				CLANG_WARN_STRICT_PROTOTYPES = YES;
				CLANG_WARN_SUSPICIOUS_MOVE = YES;
				CLANG_WARN_UNGUARDED_AVAILABILITY = YES_AGGRESSIVE;
				CLANG_WARN_UNREACHABLE_CODE = YES;
				CLANG_WARN__DUPLICATE_METHOD_MATCH = YES;
				COPY_PHASE_STRIP = NO;
				DEBUG_INFORMATION_FORMAT = dwarf;
				ENABLE_STRICT_OBJC_MSGSEND = YES;
				ENABLE_TESTABILITY = YES;
				ENABLE_USER_SCRIPT_SANDBOXING = NO;
				GCC_C_LANGUAGE_STANDARD = gnu17;
				GCC_DYNAMIC_NO_PIC = NO;
				GCC_NO_COMMON_BLOCKS = YES;
				GCC_OPTIMIZATION_LEVEL = 0;
				GCC_PREPROCESSOR_DEFINITIONS = (
					"DEBUG=1",
					"$(inherited)",
				);
				GCC_WARN_64_TO_32_BIT_CONVERSION = YES;
				GCC_WARN_ABOUT_RETURN_TYPE = YES_ERROR;
				GCC_WARN_UNDECLARED_SELECTOR = YES;
				GCC_WARN_UNINITIALIZED_AUTOS = YES_AGGRESSIVE;
				GCC_WARN_UNUSED_FUNCTION = YES;
				GCC_WARN_UNUSED_VARIABLE = YES;
				IPHONEOS_DEPLOYMENT_TARGET = 17.5;
				LOCALIZATION_PREFERS_STRING_CATALOGS = YES;
				MTL_ENABLE_DEBUG_INFO = INCLUDE_SOURCE;
				MTL_FAST_MATH = YES;
				ONLY_ACTIVE_ARCH = YES;
				SDKROOT = iphoneos;
				SWIFT_ACTIVE_COMPILATION_CONDITIONS = "DEBUG $(inherited)";
				SWIFT_OPTIMIZATION_LEVEL = "-Onone";
			};
			name = Debug;
		};
		AE2AC2152DEEFAA400F7A19C /* Release */ = {
			isa = XCBuildConfiguration;
			buildSettings = {
				ALWAYS_SEARCH_USER_PATHS = NO;
				ASSETCATALOG_COMPILER_GENERATE_SWIFT_ASSET_SYMBOL_EXTENSIONS = YES;
				CLANG_ANALYZER_NONNULL = YES;
				CLANG_ANALYZER_NUMBER_OBJECT_CONVERSION = YES_AGGRESSIVE;
				CLANG_CXX_LANGUAGE_STANDARD = "gnu++20";
				CLANG_ENABLE_MODULES = YES;
				CLANG_ENABLE_OBJC_ARC = YES;
				CLANG_ENABLE_OBJC_WEAK = YES;
				CLANG_WARN_BLOCK_CAPTURE_AUTORELEASING = YES;
				CLANG_WARN_BOOL_CONVERSION = YES;
				CLANG_WARN_COMMA = YES;
				CLANG_WARN_CONSTANT_CONVERSION = YES;
				CLANG_WARN_DEPRECATED_OBJC_IMPLEMENTATIONS = YES;
				CLANG_WARN_DIRECT_OBJC_ISA_USAGE = YES_ERROR;
				CLANG_WARN_DOCUMENTATION_COMMENTS = YES;
				CLANG_WARN_EMPTY_BODY = YES;
				CLANG_WARN_ENUM_CONVERSION = YES;
				CLANG_WARN_INFINITE_RECURSION = YES;
				CLANG_WARN_INT_CONVERSION = YES;
				CLANG_WARN_NON_LITERAL_NULL_CONVERSION = YES;
				CLANG_WARN_OBJC_IMPLICIT_RETAIN_SELF = YES;
				CLANG_WARN_OBJC_LITERAL_CONVERSION = YES;
				CLANG_WARN_OBJC_ROOT_CLASS = YES_ERROR;
				CLANG_WARN_QUOTED_INCLUDE_IN_FRAMEWORK_HEADER = YES;
				CLANG_WARN_RANGE_LOOP_ANALYSIS = YES;
				CLANG_WARN_STRICT_PROTOTYPES = YES;
				CLANG_WARN_SUSPICIOUS_MOVE = YES;
				CLANG_WARN_UNGUARDED_AVAILABILITY = YES_AGGRESSIVE;
				CLANG_WARN_UNREACHABLE_CODE = YES;
				CLANG_WARN__DUPLICATE_METHOD_MATCH = YES;
				COPY_PHASE_STRIP = NO;
				DEBUG_INFORMATION_FORMAT = "dwarf-with-dsym";
				ENABLE_NS_ASSERTIONS = NO;
				ENABLE_STRICT_OBJC_MSGSEND = YES;
				ENABLE_USER_SCRIPT_SANDBOXING = NO;
				GCC_C_LANGUAGE_STANDARD = gnu17;
				GCC_NO_COMMON_BLOCKS = YES;
				GCC_WARN_64_TO_32_BIT_CONVERSION = YES;
				GCC_WARN_ABOUT_RETURN_TYPE = YES_ERROR;
				GCC_WARN_UNDECLARED_SELECTOR = YES;
				GCC_WARN_UNINITIALIZED_AUTOS = YES_AGGRESSIVE;
				GCC_WARN_UNUSED_FUNCTION = YES;
				GCC_WARN_UNUSED_VARIABLE = YES;
				IPHONEOS_DEPLOYMENT_TARGET = 17.5;
				LOCALIZATION_PREFERS_STRING_CATALOGS = YES;
				MTL_ENABLE_DEBUG_INFO = NO;
				MTL_FAST_MATH = YES;
				SDKROOT = iphoneos;
				SWIFT_COMPILATION_MODE = wholemodule;
				VALIDATE_PRODUCT = YES;
			};
			name = Release;
		};
		AE2AC2172DEEFAA400F7A19C /* Debug */ = {
			isa = XCBuildConfiguration;
			baseConfigurationReference = 3EB2FFEF989A2C9AD0B2E7EC /* Pods-RickAndMorty.debug.xcconfig */;
			buildSettings = {
				ASSETCATALOG_COMPILER_APPICON_NAME = AppIcon;
				ASSETCATALOG_COMPILER_GLOBAL_ACCENT_COLOR_NAME = AccentColor;
				CODE_SIGN_STYLE = Automatic;
				CURRENT_PROJECT_VERSION = 1;
				DEVELOPMENT_TEAM = 7K5H82MGKM;
				GENERATE_INFOPLIST_FILE = YES;
				INFOPLIST_FILE = RickAndMorty/Info.plist;
				INFOPLIST_KEY_UIApplicationSupportsIndirectInputEvents = YES;
				INFOPLIST_KEY_UILaunchStoryboardName = LaunchScreen;
				INFOPLIST_KEY_UISupportedInterfaceOrientations_iPad = "UIInterfaceOrientationPortrait UIInterfaceOrientationPortraitUpsideDown UIInterfaceOrientationLandscapeLeft UIInterfaceOrientationLandscapeRight";
				INFOPLIST_KEY_UISupportedInterfaceOrientations_iPhone = "UIInterfaceOrientationPortrait UIInterfaceOrientationLandscapeLeft UIInterfaceOrientationLandscapeRight";
				LD_RUNPATH_SEARCH_PATHS = (
					"$(inherited)",
					"@executable_path/Frameworks",
				);
				MARKETING_VERSION = 1.0;
				PRODUCT_BUNDLE_IDENTIFIER = ayadaz.RickAndMorty;
				PRODUCT_NAME = "$(TARGET_NAME)";
				SWIFT_EMIT_LOC_STRINGS = YES;
				SWIFT_VERSION = 5.0;
				TARGETED_DEVICE_FAMILY = "1,2";
			};
			name = Debug;
		};
		AE2AC2182DEEFAA400F7A19C /* Release */ = {
			isa = XCBuildConfiguration;
			baseConfigurationReference = E108F6D3D6F254C7172514EE /* Pods-RickAndMorty.release.xcconfig */;
			buildSettings = {
				ASSETCATALOG_COMPILER_APPICON_NAME = AppIcon;
				ASSETCATALOG_COMPILER_GLOBAL_ACCENT_COLOR_NAME = AccentColor;
				CODE_SIGN_STYLE = Automatic;
				CURRENT_PROJECT_VERSION = 1;
				DEVELOPMENT_TEAM = 7K5H82MGKM;
				GENERATE_INFOPLIST_FILE = YES;
				INFOPLIST_FILE = RickAndMorty/Info.plist;
				INFOPLIST_KEY_UIApplicationSupportsIndirectInputEvents = YES;
				INFOPLIST_KEY_UILaunchStoryboardName = LaunchScreen;
				INFOPLIST_KEY_UISupportedInterfaceOrientations_iPad = "UIInterfaceOrientationPortrait UIInterfaceOrientationPortraitUpsideDown UIInterfaceOrientationLandscapeLeft UIInterfaceOrientationLandscapeRight";
				INFOPLIST_KEY_UISupportedInterfaceOrientations_iPhone = "UIInterfaceOrientationPortrait UIInterfaceOrientationLandscapeLeft UIInterfaceOrientationLandscapeRight";
				LD_RUNPATH_SEARCH_PATHS = (
					"$(inherited)",
					"@executable_path/Frameworks",
				);
				MARKETING_VERSION = 1.0;
				PRODUCT_BUNDLE_IDENTIFIER = ayadaz.RickAndMorty;
				PRODUCT_NAME = "$(TARGET_NAME)";
				SWIFT_EMIT_LOC_STRINGS = YES;
				SWIFT_VERSION = 5.0;
				TARGETED_DEVICE_FAMILY = "1,2";
			};
			name = Release;
		};
/* End XCBuildConfiguration section */

/* Begin XCConfigurationList section */
		AE2AC1FD2DEEFAA100F7A19C /* Build configuration list for PBXProject "RickAndMorty" */ = {
			isa = XCConfigurationList;
			buildConfigurations = (
				AE2AC2142DEEFAA400F7A19C /* Debug */,
				AE2AC2152DEEFAA400F7A19C /* Release */,
			);
			defaultConfigurationIsVisible = 0;
			defaultConfigurationName = Release;
		};
		AE2AC2162DEEFAA400F7A19C /* Build configuration list for PBXNativeTarget "RickAndMorty" */ = {
			isa = XCConfigurationList;
			buildConfigurations = (
				AE2AC2172DEEFAA400F7A19C /* Debug */,
				AE2AC2182DEEFAA400F7A19C /* Release */,
			);
			defaultConfigurationIsVisible = 0;
			defaultConfigurationName = Release;
		};
/* End XCConfigurationList section */
	};
	rootObject = AE2AC1FA2DEEFAA100F7A19C /* Project object */;
}
